// !$*UTF8*$!
{
	archiveVersion = 1;
	classes = {
	};
	objectVersion = 77;
	objects = {

/* Begin PBXBuildFile section */
		9B1B800D2E4CD8A20049CE33 /* FirebaseAnalytics in Frameworks */ = {isa = PBXBuildFile; productRef = 9B1B800C2E4CD8A20049CE33 /* FirebaseAnalytics */; };
		9B1B800F2E4CD8A20049CE33 /* FirebaseRemoteConfig in Frameworks */ = {isa = PBXBuildFile; productRef = 9B1B800E2E4CD8A20049CE33 /* FirebaseRemoteConfig */; };
		9B1FFD7C2E872B0E00441BAD /* Lottie in Frameworks */ = {isa = PBXBuildFile; productRef = 9B1FFD7B2E872B0E00441BAD /* Lottie */; };
		9B57ECAE2E4CCC66005D4850 /* RevenueCat in Frameworks */ = {isa = PBXBuildFile; productRef = 9B57ECAD2E4CCC66005D4850 /* RevenueCat */; };
		9B57ECB02E4CCC66005D4850 /* RevenueCatUI in Frameworks */ = {isa = PBXBuildFile; productRef = 9B57ECAF2E4CCC66005D4850 /* RevenueCatUI */; };
		9BB69F192E6B304500FF583E /* GoogleService-Info-Shared.plist in Resources */ = {isa = PBXBuildFile; fileRef = 9BB69F182E6B304500FF583E /* GoogleService-Info-Shared.plist */; };
		9BB6A0E32E6B434200FF583E /* FirebaseFirestore in Frameworks */ = {isa = PBXBuildFile; productRef = 9BB6A0E22E6B434200FF583E /* FirebaseFirestore */; };
		9BCB08B12EB4069E00154BA8 /* AppsFlyerLib-Static in Frameworks */ = {isa = PBXBuildFile; productRef = 9BCB08B02EB4069E00154BA8 /* AppsFlyerLib-Static */; };
/* End PBXBuildFile section */

/* Begin PBXFileReference section */
		9BA1E0652E328F970027AD07 /* WaterEject.app */ = {isa = PBXFileReference; explicitFileType = wrapper.application; includeInIndex = 0; path = WaterEject.app; sourceTree = BUILT_PRODUCTS_DIR; };
		9BB69F182E6B304500FF583E /* GoogleService-Info-Shared.plist */ = {isa = PBXFileReference; lastKnownFileType = text.plist.xml; path = "GoogleService-Info-Shared.plist"; sourceTree = "<group>"; };
/* End PBXFileReference section */

/* Begin PBXFileSystemSynchronizedBuildFileExceptionSet section */
		9B5C66352E7893440081914E /* Exceptions for "WaterEject" folder in "WaterEject" target */ = {
			isa = PBXFileSystemSynchronizedBuildFileExceptionSet;
			membershipExceptions = (
				Info.plist,
			);
			target = 9BA1E0642E328F970027AD07 /* WaterEject */;
		};
/* End PBXFileSystemSynchronizedBuildFileExceptionSet section */

/* Begin PBXFileSystemSynchronizedRootGroup section */
		9BA1E0672E328F970027AD07 /* WaterEject */ = {
			isa = PBXFileSystemSynchronizedRootGroup;
			exceptions = (
				9B5C66352E7893440081914E /* Exceptions for "WaterEject" folder in "WaterEject" target */,
			);
			path = WaterEject;
			sourceTree = "<group>";
		};
/* End PBXFileSystemSynchronizedRootGroup section */

/* Begin PBXFrameworksBuildPhase section */
		9BA1E0622E328F970027AD07 /* Frameworks */ = {
			isa = PBXFrameworksBuildPhase;
			buildActionMask = 2147483647;
			files = (
				9B57ECB02E4CCC66005D4850 /* RevenueCatUI in Frameworks */,
				9B57ECAE2E4CCC66005D4850 /* RevenueCat in Frameworks */,
				9B1B800D2E4CD8A20049CE33 /* FirebaseAnalytics in Frameworks */,
				9BB6A0E32E6B434200FF583E /* FirebaseFirestore in Frameworks */,
				9BCB08B12EB4069E00154BA8 /* AppsFlyerLib-Static in Frameworks */,
				9B1B800F2E4CD8A20049CE33 /* FirebaseRemoteConfig in Frameworks */,
				9B1FFD7C2E872B0E00441BAD /* Lottie in Frameworks */,
			);
			runOnlyForDeploymentPostprocessing = 0;
		};
/* End PBXFrameworksBuildPhase section */

/* Begin PBXGroup section */
		9BA1E05C2E328F970027AD07 = {
			isa = PBXGroup;
			children = (
				9BB69F182E6B304500FF583E /* GoogleService-Info-Shared.plist */,
				9BA1E0672E328F970027AD07 /* WaterEject */,
				9BB6A0E12E6B434200FF583E /* Frameworks */,
				9BA1E0662E328F970027AD07 /* Products */,
			);
			sourceTree = "<group>";
		};
		9BA1E0662E328F970027AD07 /* Products */ = {
			isa = PBXGroup;
			children = (
				9BA1E0652E328F970027AD07 /* WaterEject.app */,
			);
			name = Products;
			sourceTree = "<group>";
		};
		9BB6A0E12E6B434200FF583E /* Frameworks */ = {
			isa = PBXGroup;
			children = (
			);
			name = Frameworks;
			sourceTree = "<group>";
		};
/* End PBXGroup section */

/* Begin PBXNativeTarget section */
		9BA1E0642E328F970027AD07 /* WaterEject */ = {
			isa = PBXNativeTarget;
			buildConfigurationList = 9BA1E0702E328F990027AD07 /* Build configuration list for PBXNativeTarget "WaterEject" */;
			buildPhases = (
				9BA1E0612E328F970027AD07 /* Sources */,
				9BA1E0622E328F970027AD07 /* Frameworks */,
				9BA1E0632E328F970027AD07 /* Resources */,
			);
			buildRules = (
			);
			dependencies = (
			);
			fileSystemSynchronizedGroups = (
				9BA1E0672E328F970027AD07 /* WaterEject */,
			);
			name = WaterEject;
			packageProductDependencies = (
				9B57ECAD2E4CCC66005D4850 /* RevenueCat */,
				9B57ECAF2E4CCC66005D4850 /* RevenueCatUI */,
				9B1B800C2E4CD8A20049CE33 /* FirebaseAnalytics */,
				9B1B800E2E4CD8A20049CE33 /* FirebaseRemoteConfig */,
				9BB6A0E22E6B434200FF583E /* FirebaseFirestore */,
				9B1FFD7B2E872B0E00441BAD /* Lottie */,
				9BCB08B02EB4069E00154BA8 /* AppsFlyerLib-Static */,
			);
			productName = WaterEject;
			productReference = 9BA1E0652E328F970027AD07 /* WaterEject.app */;
			productType = "com.apple.product-type.application";
		};
/* End PBXNativeTarget section */

/* Begin PBXProject section */
		9BA1E05D2E328F970027AD07 /* Project object */ = {
			isa = PBXProject;
			attributes = {
				BuildIndependentTargetsInParallel = 1;
				LastSwiftUpdateCheck = 1640;
				LastUpgradeCheck = 1640;
				TargetAttributes = {
					9BA1E0642E328F970027AD07 = {
						CreatedOnToolsVersion = 16.4;
					};
				};
			};
			buildConfigurationList = 9BA1E0602E328F970027AD07 /* Build configuration list for PBXProject "WaterEject" */;
			developmentRegion = en;
			hasScannedForEncodings = 0;
			knownRegions = (
				en,
				Base,
			);
			mainGroup = 9BA1E05C2E328F970027AD07;
			minimizedProjectReferenceProxies = 1;
			packageReferences = (
				9BBB1B282E4CCC3D00C15E8C /* XCRemoteSwiftPackageReference "purchases-ios-spm" */,
				9BB820F92E4CD83700EF03BB /* XCRemoteSwiftPackageReference "firebase-ios-sdk" */,
				9BDEB9A62E872AD80027F4CA /* XCRemoteSwiftPackageReference "lottie-spm" */,
				9B1CA3892EB405DE00A923E7 /* XCRemoteSwiftPackageReference "AppsFlyerFramework-Static" */,
			);
			preferredProjectObjectVersion = 77;
			productRefGroup = 9BA1E0662E328F970027AD07 /* Products */;
			projectDirPath = "";
			projectRoot = "";
			targets = (
				9BA1E0642E328F970027AD07 /* WaterEject */,
			);
		};
/* End PBXProject section */

/* Begin PBXResourcesBuildPhase section */
		9BA1E0632E328F970027AD07 /* Resources */ = {
			isa = PBXResourcesBuildPhase;
			buildActionMask = 2147483647;
			files = (
				9BB69F192E6B304500FF583E /* GoogleService-Info-Shared.plist in Resources */,
			);
			runOnlyForDeploymentPostprocessing = 0;
		};
/* End PBXResourcesBuildPhase section */

/* Begin PBXSourcesBuildPhase section */
		9BA1E0612E328F970027AD07 /* Sources */ = {
			isa = PBXSourcesBuildPhase;
			buildActionMask = 2147483647;
			files = (
			);
			runOnlyForDeploymentPostprocessing = 0;
		};
/* End PBXSourcesBuildPhase section */

/* Begin XCBuildConfiguration section */
		9BA1E06E2E328F990027AD07 /* Debug */ = {
			isa = XCBuildConfiguration;
			buildSettings = {
				ALWAYS_SEARCH_USER_PATHS = NO;
				ASSETCATALOG_COMPILER_GENERATE_SWIFT_ASSET_SYMBOL_EXTENSIONS = YES;
				CLANG_ANALYZER_NONNULL = YES;
				CLANG_ANALYZER_NUMBER_OBJECT_CONVERSION = YES_AGGRESSIVE;
				CLANG_CXX_LANGUAGE_STANDARD = "gnu++20";
				CLANG_ENABLE_MODULES = YES;
				CLANG_ENABLE_OBJC_ARC = YES;
				CLANG_ENABLE_OBJC_WEAK = YES;
				CLANG_WARN_BLOCK_CAPTURE_AUTORELEASING = YES;
				CLANG_WARN_BOOL_CONVERSION = YES;
				CLANG_WARN_COMMA = YES;
				CLANG_WARN_CONSTANT_CONVERSION = YES;
				CLANG_WARN_DEPRECATED_OBJC_IMPLEMENTATIONS = YES;
				CLANG_WARN_DIRECT_OBJC_ISA_USAGE = YES_ERROR;
				CLANG_WARN_DOCUMENTATION_COMMENTS = YES;
				CLANG_WARN_EMPTY_BODY = YES;
				CLANG_WARN_ENUM_CONVERSION = YES;
				CLANG_WARN_INFINITE_RECURSION = YES;
				CLANG_WARN_INT_CONVERSION = YES;
				CLANG_WARN_NON_LITERAL_NULL_CONVERSION = YES;
				CLANG_WARN_OBJC_IMPLICIT_RETAIN_SELF = YES;
				CLANG_WARN_OBJC_LITERAL_CONVERSION = YES;
				CLANG_WARN_OBJC_ROOT_CLASS = YES_ERROR;
				CLANG_WARN_QUOTED_INCLUDE_IN_FRAMEWORK_HEADER = YES;
				CLANG_WARN_RANGE_LOOP_ANALYSIS = YES;
				CLANG_WARN_STRICT_PROTOTYPES = YES;
				CLANG_WARN_SUSPICIOUS_MOVE = YES;
				CLANG_WARN_UNGUARDED_AVAILABILITY = YES_AGGRESSIVE;
				CLANG_WARN_UNREACHABLE_CODE = YES;
				CLANG_WARN__DUPLICATE_METHOD_MATCH = YES;
				COPY_PHASE_STRIP = NO;
				DEBUG_INFORMATION_FORMAT = dwarf;
				DEVELOPMENT_TEAM = LBA86YKHYN;
				ENABLE_STRICT_OBJC_MSGSEND = YES;
				ENABLE_TESTABILITY = YES;
				ENABLE_USER_SCRIPT_SANDBOXING = YES;
				GCC_C_LANGUAGE_STANDARD = gnu17;
				GCC_DYNAMIC_NO_PIC = NO;
				GCC_NO_COMMON_BLOCKS = YES;
				GCC_OPTIMIZATION_LEVEL = 0;
				GCC_PREPROCESSOR_DEFINITIONS = (
					"DEBUG=1",
					"$(inherited)",
				);
				GCC_WARN_64_TO_32_BIT_CONVERSION = YES;
				GCC_WARN_ABOUT_RETURN_TYPE = YES_ERROR;
				GCC_WARN_UNDECLARED_SELECTOR = YES;
				GCC_WARN_UNINITIALIZED_AUTOS = YES_AGGRESSIVE;
				GCC_WARN_UNUSED_FUNCTION = YES;
				GCC_WARN_UNUSED_VARIABLE = YES;
				IPHONEOS_DEPLOYMENT_TARGET = 18.5;
				LOCALIZATION_PREFERS_STRING_CATALOGS = YES;
				MTL_ENABLE_DEBUG_INFO = INCLUDE_SOURCE;
				MTL_FAST_MATH = YES;
				ONLY_ACTIVE_ARCH = YES;
				SDKROOT = iphoneos;
				SWIFT_ACTIVE_COMPILATION_CONDITIONS = "DEBUG $(inherited)";
				SWIFT_OPTIMIZATION_LEVEL = "-Onone";
			};
			name = Debug;
		};
		9BA1E06F2E328F990027AD07 /* Release */ = {
			isa = XCBuildConfiguration;
			buildSettings = {
				ALWAYS_SEARCH_USER_PATHS = NO;
				ASSETCATALOG_COMPILER_GENERATE_SWIFT_ASSET_SYMBOL_EXTENSIONS = YES;
				CLANG_ANALYZER_NONNULL = YES;
				CLANG_ANALYZER_NUMBER_OBJECT_CONVERSION = YES_AGGRESSIVE;
				CLANG_CXX_LANGUAGE_STANDARD = "gnu++20";
				CLANG_ENABLE_MODULES = YES;
				CLANG_ENABLE_OBJC_ARC = YES;
				CLANG_ENABLE_OBJC_WEAK = YES;
				CLANG_WARN_BLOCK_CAPTURE_AUTORELEASING = YES;
				CLANG_WARN_BOOL_CONVERSION = YES;
				CLANG_WARN_COMMA = YES;
				CLANG_WARN_CONSTANT_CONVERSION = YES;
				CLANG_WARN_DEPRECATED_OBJC_IMPLEMENTATIONS = YES;
				CLANG_WARN_DIRECT_OBJC_ISA_USAGE = YES_ERROR;
				CLANG_WARN_DOCUMENTATION_COMMENTS = YES;
				CLANG_WARN_EMPTY_BODY = YES;
				CLANG_WARN_ENUM_CONVERSION = YES;
				CLANG_WARN_INFINITE_RECURSION = YES;
				CLANG_WARN_INT_CONVERSION = YES;
				CLANG_WARN_NON_LITERAL_NULL_CONVERSION = YES;
				CLANG_WARN_OBJC_IMPLICIT_RETAIN_SELF = YES;
				CLANG_WARN_OBJC_LITERAL_CONVERSION = YES;
				CLANG_WARN_OBJC_ROOT_CLASS = YES_ERROR;
				CLANG_WARN_QUOTED_INCLUDE_IN_FRAMEWORK_HEADER = YES;
				CLANG_WARN_RANGE_LOOP_ANALYSIS = YES;
				CLANG_WARN_STRICT_PROTOTYPES = YES;
				CLANG_WARN_SUSPICIOUS_MOVE = YES;
				CLANG_WARN_UNGUARDED_AVAILABILITY = YES_AGGRESSIVE;
				CLANG_WARN_UNREACHABLE_CODE = YES;
				CLANG_WARN__DUPLICATE_METHOD_MATCH = YES;
				COPY_PHASE_STRIP = NO;
				DEBUG_INFORMATION_FORMAT = "dwarf-with-dsym";
				DEVELOPMENT_TEAM = LBA86YKHYN;
				ENABLE_NS_ASSERTIONS = NO;
				ENABLE_STRICT_OBJC_MSGSEND = YES;
				ENABLE_USER_SCRIPT_SANDBOXING = YES;
				GCC_C_LANGUAGE_STANDARD = gnu17;
				GCC_NO_COMMON_BLOCKS = YES;
				GCC_WARN_64_TO_32_BIT_CONVERSION = YES;
				GCC_WARN_ABOUT_RETURN_TYPE = YES_ERROR;
				GCC_WARN_UNDECLARED_SELECTOR = YES;
				GCC_WARN_UNINITIALIZED_AUTOS = YES_AGGRESSIVE;
				GCC_WARN_UNUSED_FUNCTION = YES;
				GCC_WARN_UNUSED_VARIABLE = YES;
				IPHONEOS_DEPLOYMENT_TARGET = 18.5;
				LOCALIZATION_PREFERS_STRING_CATALOGS = YES;
				MTL_ENABLE_DEBUG_INFO = NO;
				MTL_FAST_MATH = YES;
				SDKROOT = iphoneos;
				SWIFT_COMPILATION_MODE = wholemodule;
				VALIDATE_PRODUCT = YES;
			};
			name = Release;
		};
		9BA1E0712E328F990027AD07 /* Debug */ = {
			isa = XCBuildConfiguration;
			buildSettings = {
				ASSETCATALOG_COMPILER_APPICON_NAME = AppIcon;
				ASSETCATALOG_COMPILER_GLOBAL_ACCENT_COLOR_NAME = AccentColor;
				CODE_SIGN_STYLE = Automatic;
				CURRENT_PROJECT_VERSION = 1;
				DEVELOPMENT_TEAM = LBA86YKHYN;
				ENABLE_PREVIEWS = YES;
				GENERATE_INFOPLIST_FILE = YES;
				INFOPLIST_FILE = WaterEject/Info.plist;
				INFOPLIST_KEY_CFBundleDisplayName = "Water Eject Clear Sound";
				INFOPLIST_KEY_NSMicrophoneUsageDescription = "We need access to the microphone to perform the audio test";
				INFOPLIST_KEY_NSUserTrackingUsageDescription = "Your permission allows us to measure ads performance and improve the app experience.";
				INFOPLIST_KEY_UIApplicationSceneManifest_Generation = YES;
				INFOPLIST_KEY_UIApplicationSupportsIndirectInputEvents = YES;
				INFOPLIST_KEY_UILaunchScreen_Generation = YES;
				INFOPLIST_KEY_UISupportedInterfaceOrientations = UIInterfaceOrientationPortrait;
				IPHONEOS_DEPLOYMENT_TARGET = 17.0;
				LD_RUNPATH_SEARCH_PATHS = (
					"$(inherited)",
					"@executable_path/Frameworks",
				);
				MARKETING_VERSION = 1.1.31;
				PRODUCT_BUNDLE_IDENTIFIER = kyryloVoinov.WaterEject;
				PRODUCT_NAME = "$(TARGET_NAME)";
				SUPPORTED_PLATFORMS = "iphoneos iphonesimulator";
				SUPPORTS_MACCATALYST = NO;
				SUPPORTS_MAC_DESIGNED_FOR_IPHONE_IPAD = NO;
				SUPPORTS_XR_DESIGNED_FOR_IPHONE_IPAD = NO;
				SWIFT_EMIT_LOC_STRINGS = YES;
				SWIFT_VERSION = 5.0;
				TARGETED_DEVICE_FAMILY = 1;
			};
			name = Debug;
		};
		9BA1E0722E328F990027AD07 /* Release */ = {
			isa = XCBuildConfiguration;
			buildSettings = {
				ASSETCATALOG_COMPILER_APPICON_NAME = AppIcon;
				ASSETCATALOG_COMPILER_GLOBAL_ACCENT_COLOR_NAME = AccentColor;
				CODE_SIGN_STYLE = Automatic;
				CURRENT_PROJECT_VERSION = 1;
				DEVELOPMENT_TEAM = LBA86YKHYN;
				ENABLE_PREVIEWS = YES;
				GENERATE_INFOPLIST_FILE = YES;
				INFOPLIST_FILE = WaterEject/Info.plist;
				INFOPLIST_KEY_CFBundleDisplayName = "Water Eject Clear Sound";
				INFOPLIST_KEY_NSMicrophoneUsageDescription = "We need access to the microphone to perform the audio test";
				INFOPLIST_KEY_NSUserTrackingUsageDescription = "Your permission allows us to measure ads performance and improve the app experience.";
				INFOPLIST_KEY_UIApplicationSceneManifest_Generation = YES;
				INFOPLIST_KEY_UIApplicationSupportsIndirectInputEvents = YES;
				INFOPLIST_KEY_UILaunchScreen_Generation = YES;
				INFOPLIST_KEY_UISupportedInterfaceOrientations = UIInterfaceOrientationPortrait;
				IPHONEOS_DEPLOYMENT_TARGET = 17.0;
				LD_RUNPATH_SEARCH_PATHS = (
					"$(inherited)",
					"@executable_path/Frameworks",
				);
				MARKETING_VERSION = 1.1.31;
				PRODUCT_BUNDLE_IDENTIFIER = kyryloVoinov.WaterEject;
				PRODUCT_NAME = "$(TARGET_NAME)";
				SUPPORTED_PLATFORMS = "iphoneos iphonesimulator";
				SUPPORTS_MACCATALYST = NO;
				SUPPORTS_MAC_DESIGNED_FOR_IPHONE_IPAD = NO;
				SUPPORTS_XR_DESIGNED_FOR_IPHONE_IPAD = NO;
				SWIFT_EMIT_LOC_STRINGS = YES;
				SWIFT_VERSION = 5.0;
				TARGETED_DEVICE_FAMILY = 1;
			};
			name = Release;
		};
/* End XCBuildConfiguration section */

/* Begin XCConfigurationList section */
		9BA1E0602E328F970027AD07 /* Build configuration list for PBXProject "WaterEject" */ = {
			isa = XCConfigurationList;
			buildConfigurations = (
				9BA1E06E2E328F990027AD07 /* Debug */,
				9BA1E06F2E328F990027AD07 /* Release */,
			);
			defaultConfigurationIsVisible = 0;
			defaultConfigurationName = Release;
		};
		9BA1E0702E328F990027AD07 /* Build configuration list for PBXNativeTarget "WaterEject" */ = {
			isa = XCConfigurationList;
			buildConfigurations = (
				9BA1E0712E328F990027AD07 /* Debug */,
				9BA1E0722E328F990027AD07 /* Release */,
			);
			defaultConfigurationIsVisible = 0;
			defaultConfigurationName = Release;
		};
/* End XCConfigurationList section */

/* Begin XCRemoteSwiftPackageReference section */
		9B1CA3892EB405DE00A923E7 /* XCRemoteSwiftPackageReference "AppsFlyerFramework-Static" */ = {
			isa = XCRemoteSwiftPackageReference;
			repositoryURL = "https://github.com/AppsFlyerSDK/AppsFlyerFramework-Static";
			requirement = {
				kind = upToNextMajorVersion;
				minimumVersion = 6.17.7;
			};
		};
		9BB820F92E4CD83700EF03BB /* XCRemoteSwiftPackageReference "firebase-ios-sdk" */ = {
			isa = XCRemoteSwiftPackageReference;
			repositoryURL = "https://github.com/firebase/firebase-ios-sdk";
			requirement = {
				kind = upToNextMajorVersion;
				minimumVersion = 12.1.0;
			};
		};
		9BBB1B282E4CCC3D00C15E8C /* XCRemoteSwiftPackageReference "purchases-ios-spm" */ = {
			isa = XCRemoteSwiftPackageReference;
			repositoryURL = "https://github.com/RevenueCat/purchases-ios-spm.git";
			requirement = {
				kind = upToNextMajorVersion;
				minimumVersion = 5.34.0;
			};
		};
		9BDEB9A62E872AD80027F4CA /* XCRemoteSwiftPackageReference "lottie-spm" */ = {
			isa = XCRemoteSwiftPackageReference;
			repositoryURL = "https://github.com/airbnb/lottie-spm.git";
			requirement = {
				kind = upToNextMajorVersion;
				minimumVersion = 4.5.2;
			};
		};
/* End XCRemoteSwiftPackageReference section */

/* Begin XCSwiftPackageProductDependency section */
		9B1B800C2E4CD8A20049CE33 /* FirebaseAnalytics */ = {
			isa = XCSwiftPackageProductDependency;
			package = 9BB820F92E4CD83700EF03BB /* XCRemoteSwiftPackageReference "firebase-ios-sdk" */;
			productName = FirebaseAnalytics;
		};
		9B1B800E2E4CD8A20049CE33 /* FirebaseRemoteConfig */ = {
			isa = XCSwiftPackageProductDependency;
			package = 9BB820F92E4CD83700EF03BB /* XCRemoteSwiftPackageReference "firebase-ios-sdk" */;
			productName = FirebaseRemoteConfig;
		};
		9B1FFD7B2E872B0E00441BAD /* Lottie */ = {
			isa = XCSwiftPackageProductDependency;
			package = 9BDEB9A62E872AD80027F4CA /* XCRemoteSwiftPackageReference "lottie-spm" */;
			productName = Lottie;
		};
		9B57ECAD2E4CCC66005D4850 /* RevenueCat */ = {
			isa = XCSwiftPackageProductDependency;
			package = 9BBB1B282E4CCC3D00C15E8C /* XCRemoteSwiftPackageReference "purchases-ios-spm" */;
			productName = RevenueCat;
		};
		9B57ECAF2E4CCC66005D4850 /* RevenueCatUI */ = {
			isa = XCSwiftPackageProductDependency;
			package = 9BBB1B282E4CCC3D00C15E8C /* XCRemoteSwiftPackageReference "purchases-ios-spm" */;
			productName = RevenueCatUI;
		};
		9BB6A0E22E6B434200FF583E /* FirebaseFirestore */ = {
			isa = XCSwiftPackageProductDependency;
			package = 9BB820F92E4CD83700EF03BB /* XCRemoteSwiftPackageReference "firebase-ios-sdk" */;
			productName = FirebaseFirestore;
		};
		9BCB08B02EB4069E00154BA8 /* AppsFlyerLib-Static */ = {
			isa = XCSwiftPackageProductDependency;
			package = 9B1CA3892EB405DE00A923E7 /* XCRemoteSwiftPackageReference "AppsFlyerFramework-Static" */;
			productName = "AppsFlyerLib-Static";
		};
/* End XCSwiftPackageProductDependency section */
	};
	rootObject = 9BA1E05D2E328F970027AD07 /* Project object */;
}
